
Microsoft Visual Studio Solution File, Format Version 12.00
# Visual Studio 15
VisualStudioVersion = 15.0.28307.489
MinimumVisualStudioVersion = 10.0.40219.1
Project("{FAE04EC0-301F-11D3-BF4B-00C04F79EFBC}") = "GitflowSample", "GitflowSample\GitflowSample.csproj", "{D6F17D50-2128-4591-B426-BF3E863B974E}"
EndProject
Global
	GlobalSection(SolutionConfigurationPlatforms) = preSolution
		Debug|Any CPU = Debug|Any CPU
		Release|Any CPU = Release|Any CPU
	EndGlobalSection
	GlobalSection(ProjectConfigurationPlatforms) = postSolution
		{D6F17D50-2128-4591-B426-BF3E863B974E}.Debug|Any CPU.ActiveCfg = Debug|Any CPU
		{D6F17D50-2128-4591-B426-BF3E863B974E}.Debug|Any CPU.Build.0 = Debug|Any CPU
		{D6F17D50-2128-4591-B426-BF3E863B974E}.Release|Any CPU.ActiveCfg = Release|Any CPU
		{D6F17D50-2128-4591-B426-BF3E863B974E}.Release|Any CPU.Build.0 = Release|Any CPU
	EndGlobalSection
	GlobalSection(SolutionProperties) = preSolution
		HideSolutionNode = FALSE
	EndGlobalSection
	GlobalSection(ExtensibilityGlobals) = postSolution
		SolutionGuid = {63C1C312-4965-4863-BC51-EC002D0A985C}
	EndGlobalSection
EndGlobal
